PODS:
  - Alamofire (4.9.0)
  - Kingfisher (5.7.1)
  - RxAlamofire (4.2.0):
    - RxAlamofire/Core (= 4.2.0)
  - RxAlamofire/Core (4.2.0):
    - Alamofire (~> 4.5)
    - RxSwift (~> 4)
  - RxSwift (4.2.0)
  - SVProgressHUD (2.2.6)

DEPENDENCIES:
  - Alamofire (~> 4.9.0)
  - Kingfisher (~> 5.7.1)
  - RxAlamofire (~> 4.2.0)
  - RxSwift (~> 4.2.0)
  - SVProgressHUD (from `https://github.com/SVProgressHUD/SVProgressHUD.git`)

SPEC REPOS:
  https://github.com/cocoapods/specs.git:
    - Alamofire
    - Kingfisher
    - RxAlamofire
    - RxSwift

EXTERNAL SOURCES:
  SVProgressHUD:
    :git: https://github.com/SVProgressHUD/SVProgressHUD.git

CHECKOUT OPTIONS:
  SVProgressHUD:
    :commit: 4fdf3fdc8703fd9915dae33fc1363c604a06b24e
    :git: https://github.com/SVProgressHUD/SVProgressHUD.git

SPEC CHECKSUMS:
  Alamofire: afc3e7c6db61476cb45cdd23fed06bad03bbc321
  Kingfisher: 176d377ad339113c99ad4980cbae687f807e20fe
  RxAlamofire: 87a9c588541210cc3e4a1f843ccc3ecf3eb98b31
  RxSwift: 99e10317ddfcc7fbe01356aafd118fde4a0be104
  SVProgressHUD: 6ed134667e9ebb2f33679e8273cd48fd3fa349e5

PODFILE CHECKSUM: 389ae173b73e806a24520148a727b85eedfe35a5

COCOAPODS: 1.7.4
