// !$*UTF8*$!
{
	archiveVersion = 1;
	classes = {
	};
	objectVersion = 50;
	objects = {

/* Begin PBXBuildFile section */
		4C8985FC2327F86E002858F3 /* AppDelegate.swift in Sources */ = {isa = PBXBuildFile; fileRef = 4C8985FB2327F86E002858F3 /* AppDelegate.swift */; };
		4C8986032327F86E002858F3 /* Assets.xcassets in Resources */ = {isa = PBXBuildFile; fileRef = 4C8986022327F86E002858F3 /* Assets.xcassets */; };
		4C8986062327F86E002858F3 /* LaunchScreen.storyboard in Resources */ = {isa = PBXBuildFile; fileRef = 4C8986042327F86E002858F3 /* LaunchScreen.storyboard */; };
		4C8986112327F86E002858F3 /* ViptunerTests.swift in Sources */ = {isa = PBXBuildFile; fileRef = 4C8986102327F86E002858F3 /* ViptunerTests.swift */; };
		4C89861C2327F86E002858F3 /* ViptunerUITests.swift in Sources */ = {isa = PBXBuildFile; fileRef = 4C89861B2327F86E002858F3 /* ViptunerUITests.swift */; };
		4C89862C2328191A002858F3 /* AppEnvironment.swift in Sources */ = {isa = PBXBuildFile; fileRef = 4C89862B2328191A002858F3 /* AppEnvironment.swift */; };
		4C89862E23281A86002858F3 /* AppConstants.swift in Sources */ = {isa = PBXBuildFile; fileRef = 4C89862D23281A86002858F3 /* AppConstants.swift */; };
		4C898630232822FD002858F3 /* AppNavigation.swift in Sources */ = {isa = PBXBuildFile; fileRef = 4C89862F232822FD002858F3 /* AppNavigation.swift */; };
		4C8986322328235F002858F3 /* AppColors.xcassets in Resources */ = {isa = PBXBuildFile; fileRef = 4C8986312328235F002858F3 /* AppColors.xcassets */; };
		4C89863423282583002858F3 /* AppColors.swift in Sources */ = {isa = PBXBuildFile; fileRef = 4C89863323282583002858F3 /* AppColors.swift */; };
		4C8986362328405B002858F3 /* AppRouter.swift in Sources */ = {isa = PBXBuildFile; fileRef = 4C8986352328405B002858F3 /* AppRouter.swift */; };
		4C89863B232846F5002858F3 /* NetworkProviderContract.swift in Sources */ = {isa = PBXBuildFile; fileRef = 4C89863A232846F5002858F3 /* NetworkProviderContract.swift */; };
		4CAB3BE023292D45006E5891 /* API.swift in Sources */ = {isa = PBXBuildFile; fileRef = 4CAB3BDF23292D45006E5891 /* API.swift */; };
		4CAB3BE423292DE6006E5891 /* LookupResponse.swift in Sources */ = {isa = PBXBuildFile; fileRef = 4CAB3BE323292DE6006E5891 /* LookupResponse.swift */; };
		4CAB3BE623292DF2006E5891 /* SearchResponse.swift in Sources */ = {isa = PBXBuildFile; fileRef = 4CAB3BE523292DF2006E5891 /* SearchResponse.swift */; };
		4CAB3BE823293D35006E5891 /* Endpoint.swift in Sources */ = {isa = PBXBuildFile; fileRef = 4CAB3BE723293D35006E5891 /* Endpoint.swift */; };
		6C875ED074A3AD25577684A1 /* Pods_ViptunerTests.framework in Frameworks */ = {isa = PBXBuildFile; fileRef = D6B4670D68631946391A9828 /* Pods_ViptunerTests.framework */; };
		840A63A7D6E61FD3EB3CEB08 /* Pods_ViptunerUITests.framework in Frameworks */ = {isa = PBXBuildFile; fileRef = C4249D0EA76D56EE111D223B /* Pods_ViptunerUITests.framework */; };
		97197A16925C0ECEEAAEF7DB /* Pods_Viptuner.framework in Frameworks */ = {isa = PBXBuildFile; fileRef = 68A68F1CA322F9F579F20F37 /* Pods_Viptuner.framework */; };
/* End PBXBuildFile section */

/* Begin PBXContainerItemProxy section */
		4C89860D2327F86E002858F3 /* PBXContainerItemProxy */ = {
			isa = PBXContainerItemProxy;
			containerPortal = 4C8985F02327F86E002858F3 /* Project object */;
			proxyType = 1;
			remoteGlobalIDString = 4C8985F72327F86E002858F3;
			remoteInfo = Viptuner;
		};
		4C8986182327F86E002858F3 /* PBXContainerItemProxy */ = {
			isa = PBXContainerItemProxy;
			containerPortal = 4C8985F02327F86E002858F3 /* Project object */;
			proxyType = 1;
			remoteGlobalIDString = 4C8985F72327F86E002858F3;
			remoteInfo = Viptuner;
		};
/* End PBXContainerItemProxy section */

/* Begin PBXFileReference section */
		103BF67BFDAC08DD55D41106 /* Pods-ViptunerUITests.release.xcconfig */ = {isa = PBXFileReference; includeInIndex = 1; lastKnownFileType = text.xcconfig; name = "Pods-ViptunerUITests.release.xcconfig"; path = "Target Support Files/Pods-ViptunerUITests/Pods-ViptunerUITests.release.xcconfig"; sourceTree = "<group>"; };
		1ACD290BA3DBC6FBD094355C /* Pods-ViptunerUITests.debug.xcconfig */ = {isa = PBXFileReference; includeInIndex = 1; lastKnownFileType = text.xcconfig; name = "Pods-ViptunerUITests.debug.xcconfig"; path = "Target Support Files/Pods-ViptunerUITests/Pods-ViptunerUITests.debug.xcconfig"; sourceTree = "<group>"; };
		44D13C9B324D3D524BBF35D0 /* Pods-ViptunerTests.debug.xcconfig */ = {isa = PBXFileReference; includeInIndex = 1; lastKnownFileType = text.xcconfig; name = "Pods-ViptunerTests.debug.xcconfig"; path = "Target Support Files/Pods-ViptunerTests/Pods-ViptunerTests.debug.xcconfig"; sourceTree = "<group>"; };
		4C8985F82327F86E002858F3 /* Viptuner.app */ = {isa = PBXFileReference; explicitFileType = wrapper.application; includeInIndex = 0; path = Viptuner.app; sourceTree = BUILT_PRODUCTS_DIR; };
		4C8985FB2327F86E002858F3 /* AppDelegate.swift */ = {isa = PBXFileReference; lastKnownFileType = sourcecode.swift; path = AppDelegate.swift; sourceTree = "<group>"; };
		4C8986022327F86E002858F3 /* Assets.xcassets */ = {isa = PBXFileReference; lastKnownFileType = folder.assetcatalog; path = Assets.xcassets; sourceTree = "<group>"; };
		4C8986052327F86E002858F3 /* Base */ = {isa = PBXFileReference; lastKnownFileType = file.storyboard; name = Base; path = Base.lproj/LaunchScreen.storyboard; sourceTree = "<group>"; };
		4C8986072327F86E002858F3 /* Info.plist */ = {isa = PBXFileReference; lastKnownFileType = text.plist.xml; path = Info.plist; sourceTree = "<group>"; };
		4C89860C2327F86E002858F3 /* ViptunerTests.xctest */ = {isa = PBXFileReference; explicitFileType = wrapper.cfbundle; includeInIndex = 0; path = ViptunerTests.xctest; sourceTree = BUILT_PRODUCTS_DIR; };
		4C8986102327F86E002858F3 /* ViptunerTests.swift */ = {isa = PBXFileReference; lastKnownFileType = sourcecode.swift; path = ViptunerTests.swift; sourceTree = "<group>"; };
		4C8986122327F86E002858F3 /* Info.plist */ = {isa = PBXFileReference; lastKnownFileType = text.plist.xml; path = Info.plist; sourceTree = "<group>"; };
		4C8986172327F86E002858F3 /* ViptunerUITests.xctest */ = {isa = PBXFileReference; explicitFileType = wrapper.cfbundle; includeInIndex = 0; path = ViptunerUITests.xctest; sourceTree = BUILT_PRODUCTS_DIR; };
		4C89861B2327F86E002858F3 /* ViptunerUITests.swift */ = {isa = PBXFileReference; lastKnownFileType = sourcecode.swift; path = ViptunerUITests.swift; sourceTree = "<group>"; };
		4C89861D2327F86E002858F3 /* Info.plist */ = {isa = PBXFileReference; lastKnownFileType = text.plist.xml; path = Info.plist; sourceTree = "<group>"; };
		4C89862B2328191A002858F3 /* AppEnvironment.swift */ = {isa = PBXFileReference; lastKnownFileType = sourcecode.swift; path = AppEnvironment.swift; sourceTree = "<group>"; };
		4C89862D23281A86002858F3 /* AppConstants.swift */ = {isa = PBXFileReference; lastKnownFileType = sourcecode.swift; path = AppConstants.swift; sourceTree = "<group>"; };
		4C89862F232822FD002858F3 /* AppNavigation.swift */ = {isa = PBXFileReference; lastKnownFileType = sourcecode.swift; path = AppNavigation.swift; sourceTree = "<group>"; };
		4C8986312328235F002858F3 /* AppColors.xcassets */ = {isa = PBXFileReference; lastKnownFileType = folder.assetcatalog; path = AppColors.xcassets; sourceTree = "<group>"; };
		4C89863323282583002858F3 /* AppColors.swift */ = {isa = PBXFileReference; lastKnownFileType = sourcecode.swift; path = AppColors.swift; sourceTree = "<group>"; };
		4C8986352328405B002858F3 /* AppRouter.swift */ = {isa = PBXFileReference; lastKnownFileType = sourcecode.swift; path = AppRouter.swift; sourceTree = "<group>"; };
		4C89863A232846F5002858F3 /* NetworkProviderContract.swift */ = {isa = PBXFileReference; lastKnownFileType = sourcecode.swift; path = NetworkProviderContract.swift; sourceTree = "<group>"; };
		4CAB3BDF23292D45006E5891 /* API.swift */ = {isa = PBXFileReference; lastKnownFileType = sourcecode.swift; path = API.swift; sourceTree = "<group>"; };
		4CAB3BE323292DE6006E5891 /* LookupResponse.swift */ = {isa = PBXFileReference; lastKnownFileType = sourcecode.swift; path = LookupResponse.swift; sourceTree = "<group>"; };
		4CAB3BE523292DF2006E5891 /* SearchResponse.swift */ = {isa = PBXFileReference; lastKnownFileType = sourcecode.swift; path = SearchResponse.swift; sourceTree = "<group>"; };
		4CAB3BE723293D35006E5891 /* Endpoint.swift */ = {isa = PBXFileReference; lastKnownFileType = sourcecode.swift; path = Endpoint.swift; sourceTree = "<group>"; };
		68A68F1CA322F9F579F20F37 /* Pods_Viptuner.framework */ = {isa = PBXFileReference; explicitFileType = wrapper.framework; includeInIndex = 0; path = Pods_Viptuner.framework; sourceTree = BUILT_PRODUCTS_DIR; };
		BE77B86B8F250C3873A0F3E6 /* Pods-ViptunerTests.release.xcconfig */ = {isa = PBXFileReference; includeInIndex = 1; lastKnownFileType = text.xcconfig; name = "Pods-ViptunerTests.release.xcconfig"; path = "Target Support Files/Pods-ViptunerTests/Pods-ViptunerTests.release.xcconfig"; sourceTree = "<group>"; };
		C103A36FE29262DA161AEACA /* Pods-Viptuner.debug.xcconfig */ = {isa = PBXFileReference; includeInIndex = 1; lastKnownFileType = text.xcconfig; name = "Pods-Viptuner.debug.xcconfig"; path = "Target Support Files/Pods-Viptuner/Pods-Viptuner.debug.xcconfig"; sourceTree = "<group>"; };
		C4249D0EA76D56EE111D223B /* Pods_ViptunerUITests.framework */ = {isa = PBXFileReference; explicitFileType = wrapper.framework; includeInIndex = 0; path = Pods_ViptunerUITests.framework; sourceTree = BUILT_PRODUCTS_DIR; };
		D6B4670D68631946391A9828 /* Pods_ViptunerTests.framework */ = {isa = PBXFileReference; explicitFileType = wrapper.framework; includeInIndex = 0; path = Pods_ViptunerTests.framework; sourceTree = BUILT_PRODUCTS_DIR; };
		D9DCBF1DC02632604C5006C4 /* Pods-Viptuner.release.xcconfig */ = {isa = PBXFileReference; includeInIndex = 1; lastKnownFileType = text.xcconfig; name = "Pods-Viptuner.release.xcconfig"; path = "Target Support Files/Pods-Viptuner/Pods-Viptuner.release.xcconfig"; sourceTree = "<group>"; };
/* End PBXFileReference section */

/* Begin PBXFrameworksBuildPhase section */
		4C8985F52327F86E002858F3 /* Frameworks */ = {
			isa = PBXFrameworksBuildPhase;
			buildActionMask = 2147483647;
			files = (
				97197A16925C0ECEEAAEF7DB /* Pods_Viptuner.framework in Frameworks */,
			);
			runOnlyForDeploymentPostprocessing = 0;
		};
		4C8986092327F86E002858F3 /* Frameworks */ = {
			isa = PBXFrameworksBuildPhase;
			buildActionMask = 2147483647;
			files = (
				6C875ED074A3AD25577684A1 /* Pods_ViptunerTests.framework in Frameworks */,
			);
			runOnlyForDeploymentPostprocessing = 0;
		};
		4C8986142327F86E002858F3 /* Frameworks */ = {
			isa = PBXFrameworksBuildPhase;
			buildActionMask = 2147483647;
			files = (
				840A63A7D6E61FD3EB3CEB08 /* Pods_ViptunerUITests.framework in Frameworks */,
			);
			runOnlyForDeploymentPostprocessing = 0;
		};
/* End PBXFrameworksBuildPhase section */

/* Begin PBXGroup section */
		28FA3A7E83A6775EBA95F73F /* Pods */ = {
			isa = PBXGroup;
			children = (
				C103A36FE29262DA161AEACA /* Pods-Viptuner.debug.xcconfig */,
				D9DCBF1DC02632604C5006C4 /* Pods-Viptuner.release.xcconfig */,
				44D13C9B324D3D524BBF35D0 /* Pods-ViptunerTests.debug.xcconfig */,
				BE77B86B8F250C3873A0F3E6 /* Pods-ViptunerTests.release.xcconfig */,
				1ACD290BA3DBC6FBD094355C /* Pods-ViptunerUITests.debug.xcconfig */,
				103BF67BFDAC08DD55D41106 /* Pods-ViptunerUITests.release.xcconfig */,
			);
			path = Pods;
			sourceTree = "<group>";
		};
		4C8985EF2327F86E002858F3 = {
			isa = PBXGroup;
			children = (
				4C8985FA2327F86E002858F3 /* Viptuner */,
				4C89860F2327F86E002858F3 /* ViptunerTests */,
				4C89861A2327F86E002858F3 /* ViptunerUITests */,
				4C8985F92327F86E002858F3 /* Products */,
				28FA3A7E83A6775EBA95F73F /* Pods */,
				9625DB228C9F66D52DEFD0FC /* Frameworks */,
			);
			sourceTree = "<group>";
		};
		4C8985F92327F86E002858F3 /* Products */ = {
			isa = PBXGroup;
			children = (
				4C8985F82327F86E002858F3 /* Viptuner.app */,
				4C89860C2327F86E002858F3 /* ViptunerTests.xctest */,
				4C8986172327F86E002858F3 /* ViptunerUITests.xctest */,
			);
			name = Products;
			sourceTree = "<group>";
		};
		4C8985FA2327F86E002858F3 /* Viptuner */ = {
			isa = PBXGroup;
			children = (
				4C8986292328168D002858F3 /* App */,
				4CAB3BE123292D66006E5891 /* Data */,
				4CAB3BDE23292D11006E5891 /* Services */,
				4C898638232846BD002858F3 /* Modules */,
				4C898637232846AA002858F3 /* Providers */,
			);
			path = Viptuner;
			sourceTree = "<group>";
		};
		4C89860F2327F86E002858F3 /* ViptunerTests */ = {
			isa = PBXGroup;
			children = (
				4C8986102327F86E002858F3 /* ViptunerTests.swift */,
				4C8986122327F86E002858F3 /* Info.plist */,
			);
			path = ViptunerTests;
			sourceTree = "<group>";
		};
		4C89861A2327F86E002858F3 /* ViptunerUITests */ = {
			isa = PBXGroup;
			children = (
				4C89861B2327F86E002858F3 /* ViptunerUITests.swift */,
				4C89861D2327F86E002858F3 /* Info.plist */,
			);
			path = ViptunerUITests;
			sourceTree = "<group>";
		};
		4C8986292328168D002858F3 /* App */ = {
			isa = PBXGroup;
			children = (
				4C8985FB2327F86E002858F3 /* AppDelegate.swift */,
				4C89863323282583002858F3 /* AppColors.swift */,
				4C89862D23281A86002858F3 /* AppConstants.swift */,
				4C89862B2328191A002858F3 /* AppEnvironment.swift */,
				4C89862F232822FD002858F3 /* AppNavigation.swift */,
				4C8986352328405B002858F3 /* AppRouter.swift */,
				4C89862A2328177F002858F3 /* Resources */,
			);
			path = App;
			sourceTree = "<group>";
		};
		4C89862A2328177F002858F3 /* Resources */ = {
			isa = PBXGroup;
			children = (
				4C8986072327F86E002858F3 /* Info.plist */,
				4C8986042327F86E002858F3 /* LaunchScreen.storyboard */,
				4C8986022327F86E002858F3 /* Assets.xcassets */,
				4C8986312328235F002858F3 /* AppColors.xcassets */,
			);
			path = Resources;
			sourceTree = "<group>";
		};
		4C898637232846AA002858F3 /* Providers */ = {
			isa = PBXGroup;
			children = (
				4C898639232846E3002858F3 /* NetworkProvider */,
			);
			path = Providers;
			sourceTree = "<group>";
		};
		4C898638232846BD002858F3 /* Modules */ = {
			isa = PBXGroup;
			children = (
			);
			path = Modules;
			sourceTree = "<group>";
		};
		4C898639232846E3002858F3 /* NetworkProvider */ = {
			isa = PBXGroup;
			children = (
				4C89863A232846F5002858F3 /* NetworkProviderContract.swift */,
				4CAB3BE723293D35006E5891 /* Endpoint.swift */,
			);
			path = NetworkProvider;
			sourceTree = "<group>";
		};
		4CAB3BDE23292D11006E5891 /* Services */ = {
			isa = PBXGroup;
			children = (
				4CAB3BDF23292D45006E5891 /* API.swift */,
			);
			path = Services;
			sourceTree = "<group>";
		};
		4CAB3BE123292D66006E5891 /* Data */ = {
			isa = PBXGroup;
			children = (
				4CAB3BE223292D9D006E5891 /* ResponseModels */,
			);
			path = Data;
			sourceTree = "<group>";
		};
		4CAB3BE223292D9D006E5891 /* ResponseModels */ = {
			isa = PBXGroup;
			children = (
				4CAB3BE323292DE6006E5891 /* LookupResponse.swift */,
				4CAB3BE523292DF2006E5891 /* SearchResponse.swift */,
			);
			path = ResponseModels;
			sourceTree = "<group>";
		};
		9625DB228C9F66D52DEFD0FC /* Frameworks */ = {
			isa = PBXGroup;
			children = (
				68A68F1CA322F9F579F20F37 /* Pods_Viptuner.framework */,
				D6B4670D68631946391A9828 /* Pods_ViptunerTests.framework */,
				C4249D0EA76D56EE111D223B /* Pods_ViptunerUITests.framework */,
			);
			name = Frameworks;
			sourceTree = "<group>";
		};
/* End PBXGroup section */

/* Begin PBXNativeTarget section */
		4C8985F72327F86E002858F3 /* Viptuner */ = {
			isa = PBXNativeTarget;
			buildConfigurationList = 4C8986202327F86E002858F3 /* Build configuration list for PBXNativeTarget "Viptuner" */;
			buildPhases = (
				52FB09B41C4FC4F9C5DEBBBC /* [CP] Check Pods Manifest.lock */,
				4C8985F42327F86E002858F3 /* Sources */,
				4C8985F52327F86E002858F3 /* Frameworks */,
				4C8985F62327F86E002858F3 /* Resources */,
			);
			buildRules = (
			);
			dependencies = (
			);
			name = Viptuner;
			productName = Viptuner;
			productReference = 4C8985F82327F86E002858F3 /* Viptuner.app */;
			productType = "com.apple.product-type.application";
		};
		4C89860B2327F86E002858F3 /* ViptunerTests */ = {
			isa = PBXNativeTarget;
			buildConfigurationList = 4C8986232327F86E002858F3 /* Build configuration list for PBXNativeTarget "ViptunerTests" */;
			buildPhases = (
				514E70A17AE6896C00E377C1 /* [CP] Check Pods Manifest.lock */,
				4C8986082327F86E002858F3 /* Sources */,
				4C8986092327F86E002858F3 /* Frameworks */,
				4C89860A2327F86E002858F3 /* Resources */,
			);
			buildRules = (
			);
			dependencies = (
				4C89860E2327F86E002858F3 /* PBXTargetDependency */,
			);
			name = ViptunerTests;
			productName = ViptunerTests;
			productReference = 4C89860C2327F86E002858F3 /* ViptunerTests.xctest */;
			productType = "com.apple.product-type.bundle.unit-test";
		};
		4C8986162327F86E002858F3 /* ViptunerUITests */ = {
			isa = PBXNativeTarget;
			buildConfigurationList = 4C8986262327F86E002858F3 /* Build configuration list for PBXNativeTarget "ViptunerUITests" */;
			buildPhases = (
				4ADE799E008C9C59BDB16980 /* [CP] Check Pods Manifest.lock */,
				4C8986132327F86E002858F3 /* Sources */,
				4C8986142327F86E002858F3 /* Frameworks */,
				4C8986152327F86E002858F3 /* Resources */,
			);
			buildRules = (
			);
			dependencies = (
				4C8986192327F86E002858F3 /* PBXTargetDependency */,
			);
			name = ViptunerUITests;
			productName = ViptunerUITests;
			productReference = 4C8986172327F86E002858F3 /* ViptunerUITests.xctest */;
			productType = "com.apple.product-type.bundle.ui-testing";
		};
/* End PBXNativeTarget section */

/* Begin PBXProject section */
		4C8985F02327F86E002858F3 /* Project object */ = {
			isa = PBXProject;
			attributes = {
				LastSwiftUpdateCheck = 1030;
				LastUpgradeCheck = 1030;
				ORGANIZATIONNAME = MZapataE;
				TargetAttributes = {
					4C8985F72327F86E002858F3 = {
						CreatedOnToolsVersion = 10.3;
					};
					4C89860B2327F86E002858F3 = {
						CreatedOnToolsVersion = 10.3;
						TestTargetID = 4C8985F72327F86E002858F3;
					};
					4C8986162327F86E002858F3 = {
						CreatedOnToolsVersion = 10.3;
						TestTargetID = 4C8985F72327F86E002858F3;
					};
				};
			};
			buildConfigurationList = 4C8985F32327F86E002858F3 /* Build configuration list for PBXProject "Viptuner" */;
			compatibilityVersion = "Xcode 9.3";
			developmentRegion = en;
			hasScannedForEncodings = 0;
			knownRegions = (
				en,
				Base,
			);
			mainGroup = 4C8985EF2327F86E002858F3;
			productRefGroup = 4C8985F92327F86E002858F3 /* Products */;
			projectDirPath = "";
			projectRoot = "";
			targets = (
				4C8985F72327F86E002858F3 /* Viptuner */,
				4C89860B2327F86E002858F3 /* ViptunerTests */,
				4C8986162327F86E002858F3 /* ViptunerUITests */,
			);
		};
/* End PBXProject section */

/* Begin PBXResourcesBuildPhase section */
		4C8985F62327F86E002858F3 /* Resources */ = {
			isa = PBXResourcesBuildPhase;
			buildActionMask = 2147483647;
			files = (
				4C8986062327F86E002858F3 /* LaunchScreen.storyboard in Resources */,
				4C8986322328235F002858F3 /* AppColors.xcassets in Resources */,
				4C8986032327F86E002858F3 /* Assets.xcassets in Resources */,
			);
			runOnlyForDeploymentPostprocessing = 0;
		};
		4C89860A2327F86E002858F3 /* Resources */ = {
			isa = PBXResourcesBuildPhase;
			buildActionMask = 2147483647;
			files = (
			);
			runOnlyForDeploymentPostprocessing = 0;
		};
		4C8986152327F86E002858F3 /* Resources */ = {
			isa = PBXResourcesBuildPhase;
			buildActionMask = 2147483647;
			files = (
			);
			runOnlyForDeploymentPostprocessing = 0;
		};
/* End PBXResourcesBuildPhase section */

/* Begin PBXShellScriptBuildPhase section */
		4ADE799E008C9C59BDB16980 /* [CP] Check Pods Manifest.lock */ = {
			isa = PBXShellScriptBuildPhase;
			buildActionMask = 2147483647;
			files = (
			);
			inputFileListPaths = (
			);
			inputPaths = (
				"${PODS_PODFILE_DIR_PATH}/Podfile.lock",
				"${PODS_ROOT}/Manifest.lock",
			);
			name = "[CP] Check Pods Manifest.lock";
			outputFileListPaths = (
			);
			outputPaths = (
				"$(DERIVED_FILE_DIR)/Pods-ViptunerUITests-checkManifestLockResult.txt",
			);
			runOnlyForDeploymentPostprocessing = 0;
			shellPath = /bin/sh;
			shellScript = "diff \"${PODS_PODFILE_DIR_PATH}/Podfile.lock\" \"${PODS_ROOT}/Manifest.lock\" > /dev/null\nif [ $? != 0 ] ; then\n    # print error to STDERR\n    echo \"error: The sandbox is not in sync with the Podfile.lock. Run 'pod install' or update your CocoaPods installation.\" >&2\n    exit 1\nfi\n# This output is used by Xcode 'outputs' to avoid re-running this script phase.\necho \"SUCCESS\" > \"${SCRIPT_OUTPUT_FILE_0}\"\n";
			showEnvVarsInLog = 0;
		};
		514E70A17AE6896C00E377C1 /* [CP] Check Pods Manifest.lock */ = {
			isa = PBXShellScriptBuildPhase;
			buildActionMask = 2147483647;
			files = (
			);
			inputFileListPaths = (
			);
			inputPaths = (
				"${PODS_PODFILE_DIR_PATH}/Podfile.lock",
				"${PODS_ROOT}/Manifest.lock",
			);
			name = "[CP] Check Pods Manifest.lock";
			outputFileListPaths = (
			);
			outputPaths = (
				"$(DERIVED_FILE_DIR)/Pods-ViptunerTests-checkManifestLockResult.txt",
			);
			runOnlyForDeploymentPostprocessing = 0;
			shellPath = /bin/sh;
			shellScript = "diff \"${PODS_PODFILE_DIR_PATH}/Podfile.lock\" \"${PODS_ROOT}/Manifest.lock\" > /dev/null\nif [ $? != 0 ] ; then\n    # print error to STDERR\n    echo \"error: The sandbox is not in sync with the Podfile.lock. Run 'pod install' or update your CocoaPods installation.\" >&2\n    exit 1\nfi\n# This output is used by Xcode 'outputs' to avoid re-running this script phase.\necho \"SUCCESS\" > \"${SCRIPT_OUTPUT_FILE_0}\"\n";
			showEnvVarsInLog = 0;
		};
		52FB09B41C4FC4F9C5DEBBBC /* [CP] Check Pods Manifest.lock */ = {
			isa = PBXShellScriptBuildPhase;
			buildActionMask = 2147483647;
			files = (
			);
			inputFileListPaths = (
			);
			inputPaths = (
				"${PODS_PODFILE_DIR_PATH}/Podfile.lock",
				"${PODS_ROOT}/Manifest.lock",
			);
			name = "[CP] Check Pods Manifest.lock";
			outputFileListPaths = (
			);
			outputPaths = (
				"$(DERIVED_FILE_DIR)/Pods-Viptuner-checkManifestLockResult.txt",
			);
			runOnlyForDeploymentPostprocessing = 0;
			shellPath = /bin/sh;
			shellScript = "diff \"${PODS_PODFILE_DIR_PATH}/Podfile.lock\" \"${PODS_ROOT}/Manifest.lock\" > /dev/null\nif [ $? != 0 ] ; then\n    # print error to STDERR\n    echo \"error: The sandbox is not in sync with the Podfile.lock. Run 'pod install' or update your CocoaPods installation.\" >&2\n    exit 1\nfi\n# This output is used by Xcode 'outputs' to avoid re-running this script phase.\necho \"SUCCESS\" > \"${SCRIPT_OUTPUT_FILE_0}\"\n";
			showEnvVarsInLog = 0;
		};
/* End PBXShellScriptBuildPhase section */

/* Begin PBXSourcesBuildPhase section */
		4C8985F42327F86E002858F3 /* Sources */ = {
			isa = PBXSourcesBuildPhase;
			buildActionMask = 2147483647;
			files = (
				4C89862C2328191A002858F3 /* AppEnvironment.swift in Sources */,
				4C898630232822FD002858F3 /* AppNavigation.swift in Sources */,
				4CAB3BE423292DE6006E5891 /* LookupResponse.swift in Sources */,
				4C89863423282583002858F3 /* AppColors.swift in Sources */,
				4C8986362328405B002858F3 /* AppRouter.swift in Sources */,
				4C8985FC2327F86E002858F3 /* AppDelegate.swift in Sources */,
				4CAB3BE623292DF2006E5891 /* SearchResponse.swift in Sources */,
				4CAB3BE823293D35006E5891 /* Endpoint.swift in Sources */,
				4C89863B232846F5002858F3 /* NetworkProviderContract.swift in Sources */,
				4CAB3BE023292D45006E5891 /* API.swift in Sources */,
				4C89862E23281A86002858F3 /* AppConstants.swift in Sources */,
			);
			runOnlyForDeploymentPostprocessing = 0;
		};
		4C8986082327F86E002858F3 /* Sources */ = {
			isa = PBXSourcesBuildPhase;
			buildActionMask = 2147483647;
			files = (
				4C8986112327F86E002858F3 /* ViptunerTests.swift in Sources */,
			);
			runOnlyForDeploymentPostprocessing = 0;
		};
		4C8986132327F86E002858F3 /* Sources */ = {
			isa = PBXSourcesBuildPhase;
			buildActionMask = 2147483647;
			files = (
				4C89861C2327F86E002858F3 /* ViptunerUITests.swift in Sources */,
			);
			runOnlyForDeploymentPostprocessing = 0;
		};
/* End PBXSourcesBuildPhase section */

/* Begin PBXTargetDependency section */
		4C89860E2327F86E002858F3 /* PBXTargetDependency */ = {
			isa = PBXTargetDependency;
			target = 4C8985F72327F86E002858F3 /* Viptuner */;
			targetProxy = 4C89860D2327F86E002858F3 /* PBXContainerItemProxy */;
		};
		4C8986192327F86E002858F3 /* PBXTargetDependency */ = {
			isa = PBXTargetDependency;
			target = 4C8985F72327F86E002858F3 /* Viptuner */;
			targetProxy = 4C8986182327F86E002858F3 /* PBXContainerItemProxy */;
		};
/* End PBXTargetDependency section */

/* Begin PBXVariantGroup section */
		4C8986042327F86E002858F3 /* LaunchScreen.storyboard */ = {
			isa = PBXVariantGroup;
			children = (
				4C8986052327F86E002858F3 /* Base */,
			);
			name = LaunchScreen.storyboard;
			sourceTree = "<group>";
		};
/* End PBXVariantGroup section */

/* Begin XCBuildConfiguration section */
		4C89861E2327F86E002858F3 /* Debug */ = {
			isa = XCBuildConfiguration;
			buildSettings = {
				ALWAYS_SEARCH_USER_PATHS = NO;
				CLANG_ANALYZER_NONNULL = YES;
				CLANG_ANALYZER_NUMBER_OBJECT_CONVERSION = YES_AGGRESSIVE;
				CLANG_CXX_LANGUAGE_STANDARD = "gnu++14";
				CLANG_CXX_LIBRARY = "libc++";
				CLANG_ENABLE_MODULES = YES;
				CLANG_ENABLE_OBJC_ARC = YES;
				CLANG_ENABLE_OBJC_WEAK = YES;
				CLANG_WARN_BLOCK_CAPTURE_AUTORELEASING = YES;
				CLANG_WARN_BOOL_CONVERSION = YES;
				CLANG_WARN_COMMA = YES;
				CLANG_WARN_CONSTANT_CONVERSION = YES;
				CLANG_WARN_DEPRECATED_OBJC_IMPLEMENTATIONS = YES;
				CLANG_WARN_DIRECT_OBJC_ISA_USAGE = YES_ERROR;
				CLANG_WARN_DOCUMENTATION_COMMENTS = YES;
				CLANG_WARN_EMPTY_BODY = YES;
				CLANG_WARN_ENUM_CONVERSION = YES;
				CLANG_WARN_INFINITE_RECURSION = YES;
				CLANG_WARN_INT_CONVERSION = YES;
				CLANG_WARN_NON_LITERAL_NULL_CONVERSION = YES;
				CLANG_WARN_OBJC_IMPLICIT_RETAIN_SELF = YES;
				CLANG_WARN_OBJC_LITERAL_CONVERSION = YES;
				CLANG_WARN_OBJC_ROOT_CLASS = YES_ERROR;
				CLANG_WARN_RANGE_LOOP_ANALYSIS = YES;
				CLANG_WARN_STRICT_PROTOTYPES = YES;
				CLANG_WARN_SUSPICIOUS_MOVE = YES;
				CLANG_WARN_UNGUARDED_AVAILABILITY = YES_AGGRESSIVE;
				CLANG_WARN_UNREACHABLE_CODE = YES;
				CLANG_WARN__DUPLICATE_METHOD_MATCH = YES;
				CODE_SIGN_IDENTITY = "iPhone Developer";
				COPY_PHASE_STRIP = NO;
				DEBUG_INFORMATION_FORMAT = dwarf;
				ENABLE_STRICT_OBJC_MSGSEND = YES;
				ENABLE_TESTABILITY = YES;
				GCC_C_LANGUAGE_STANDARD = gnu11;
				GCC_DYNAMIC_NO_PIC = NO;
				GCC_NO_COMMON_BLOCKS = YES;
				GCC_OPTIMIZATION_LEVEL = 0;
				GCC_PREPROCESSOR_DEFINITIONS = (
					"DEBUG=1",
					"$(inherited)",
				);
				GCC_WARN_64_TO_32_BIT_CONVERSION = YES;
				GCC_WARN_ABOUT_RETURN_TYPE = YES_ERROR;
				GCC_WARN_UNDECLARED_SELECTOR = YES;
				GCC_WARN_UNINITIALIZED_AUTOS = YES_AGGRESSIVE;
				GCC_WARN_UNUSED_FUNCTION = YES;
				GCC_WARN_UNUSED_VARIABLE = YES;
				IPHONEOS_DEPLOYMENT_TARGET = 12.4;
				MTL_ENABLE_DEBUG_INFO = INCLUDE_SOURCE;
				MTL_FAST_MATH = YES;
				ONLY_ACTIVE_ARCH = YES;
				SDKROOT = iphoneos;
				SWIFT_ACTIVE_COMPILATION_CONDITIONS = DEBUG;
				SWIFT_OPTIMIZATION_LEVEL = "-Onone";
			};
			name = Debug;
		};
		4C89861F2327F86E002858F3 /* Release */ = {
			isa = XCBuildConfiguration;
			buildSettings = {
				ALWAYS_SEARCH_USER_PATHS = NO;
				CLANG_ANALYZER_NONNULL = YES;
				CLANG_ANALYZER_NUMBER_OBJECT_CONVERSION = YES_AGGRESSIVE;
				CLANG_CXX_LANGUAGE_STANDARD = "gnu++14";
				CLANG_CXX_LIBRARY = "libc++";
				CLANG_ENABLE_MODULES = YES;
				CLANG_ENABLE_OBJC_ARC = YES;
				CLANG_ENABLE_OBJC_WEAK = YES;
				CLANG_WARN_BLOCK_CAPTURE_AUTORELEASING = YES;
				CLANG_WARN_BOOL_CONVERSION = YES;
				CLANG_WARN_COMMA = YES;
				CLANG_WARN_CONSTANT_CONVERSION = YES;
				CLANG_WARN_DEPRECATED_OBJC_IMPLEMENTATIONS = YES;
				CLANG_WARN_DIRECT_OBJC_ISA_USAGE = YES_ERROR;
				CLANG_WARN_DOCUMENTATION_COMMENTS = YES;
				CLANG_WARN_EMPTY_BODY = YES;
				CLANG_WARN_ENUM_CONVERSION = YES;
				CLANG_WARN_INFINITE_RECURSION = YES;
				CLANG_WARN_INT_CONVERSION = YES;
				CLANG_WARN_NON_LITERAL_NULL_CONVERSION = YES;
				CLANG_WARN_OBJC_IMPLICIT_RETAIN_SELF = YES;
				CLANG_WARN_OBJC_LITERAL_CONVERSION = YES;
				CLANG_WARN_OBJC_ROOT_CLASS = YES_ERROR;
				CLANG_WARN_RANGE_LOOP_ANALYSIS = YES;
				CLANG_WARN_STRICT_PROTOTYPES = YES;
				CLANG_WARN_SUSPICIOUS_MOVE = YES;
				CLANG_WARN_UNGUARDED_AVAILABILITY = YES_AGGRESSIVE;
				CLANG_WARN_UNREACHABLE_CODE = YES;
				CLANG_WARN__DUPLICATE_METHOD_MATCH = YES;
				CODE_SIGN_IDENTITY = "iPhone Developer";
				COPY_PHASE_STRIP = NO;
				DEBUG_INFORMATION_FORMAT = "dwarf-with-dsym";
				ENABLE_NS_ASSERTIONS = NO;
				ENABLE_STRICT_OBJC_MSGSEND = YES;
				GCC_C_LANGUAGE_STANDARD = gnu11;
				GCC_NO_COMMON_BLOCKS = YES;
				GCC_WARN_64_TO_32_BIT_CONVERSION = YES;
				GCC_WARN_ABOUT_RETURN_TYPE = YES_ERROR;
				GCC_WARN_UNDECLARED_SELECTOR = YES;
				GCC_WARN_UNINITIALIZED_AUTOS = YES_AGGRESSIVE;
				GCC_WARN_UNUSED_FUNCTION = YES;
				GCC_WARN_UNUSED_VARIABLE = YES;
				IPHONEOS_DEPLOYMENT_TARGET = 12.4;
				MTL_ENABLE_DEBUG_INFO = NO;
				MTL_FAST_MATH = YES;
				SDKROOT = iphoneos;
				SWIFT_COMPILATION_MODE = wholemodule;
				SWIFT_OPTIMIZATION_LEVEL = "-O";
				VALIDATE_PRODUCT = YES;
			};
			name = Release;
		};
		4C8986212327F86E002858F3 /* Debug */ = {
			isa = XCBuildConfiguration;
			baseConfigurationReference = C103A36FE29262DA161AEACA /* Pods-Viptuner.debug.xcconfig */;
			buildSettings = {
				ASSETCATALOG_COMPILER_APPICON_NAME = AppIcon;
				CODE_SIGN_IDENTITY = "iPhone Developer";
				CODE_SIGN_STYLE = Automatic;
				DEVELOPMENT_TEAM = "";
				INFOPLIST_FILE = "$(SRCROOT)/Viptuner/App/Resources/Info.plist";
				LD_RUNPATH_SEARCH_PATHS = (
					"$(inherited)",
					"@executable_path/Frameworks",
				);
				PRODUCT_BUNDLE_IDENTIFIER = cl.mzapatae.viptuner;
				PRODUCT_NAME = "$(TARGET_NAME)";
				PROVISIONING_PROFILE_SPECIFIER = "";
				SWIFT_ACTIVE_COMPILATION_CONDITIONS = DEBUG;
				SWIFT_VERSION = 5.0;
				TARGETED_DEVICE_FAMILY = "1,2";
			};
			name = Debug;
		};
		4C8986222327F86E002858F3 /* Release */ = {
			isa = XCBuildConfiguration;
			baseConfigurationReference = D9DCBF1DC02632604C5006C4 /* Pods-Viptuner.release.xcconfig */;
			buildSettings = {
				ASSETCATALOG_COMPILER_APPICON_NAME = AppIcon;
				CODE_SIGN_IDENTITY = "iPhone Developer";
				CODE_SIGN_STYLE = Automatic;
				DEVELOPMENT_TEAM = "";
				INFOPLIST_FILE = "$(SRCROOT)/Viptuner/App/Resources/Info.plist";
				LD_RUNPATH_SEARCH_PATHS = (
					"$(inherited)",
					"@executable_path/Frameworks",
				);
				PRODUCT_BUNDLE_IDENTIFIER = cl.mzapatae.viptuner;
				PRODUCT_NAME = "$(TARGET_NAME)";
				PROVISIONING_PROFILE_SPECIFIER = "";
				SWIFT_VERSION = 5.0;
				TARGETED_DEVICE_FAMILY = "1,2";
			};
			name = Release;
		};
		4C8986242327F86E002858F3 /* Debug */ = {
			isa = XCBuildConfiguration;
			baseConfigurationReference = 44D13C9B324D3D524BBF35D0 /* Pods-ViptunerTests.debug.xcconfig */;
			buildSettings = {
				ALWAYS_EMBED_SWIFT_STANDARD_LIBRARIES = YES;
				BUNDLE_LOADER = "$(TEST_HOST)";
				CODE_SIGN_STYLE = Automatic;
				DEVELOPMENT_TEAM = 9KPUHUQUF7;
				INFOPLIST_FILE = ViptunerTests/Info.plist;
				LD_RUNPATH_SEARCH_PATHS = (
					"$(inherited)",
					"@executable_path/Frameworks",
					"@loader_path/Frameworks",
				);
				PRODUCT_BUNDLE_IDENTIFIER = cl.mzapatae.ViptunerTests;
				PRODUCT_NAME = "$(TARGET_NAME)";
				SWIFT_VERSION = 5.0;
				TARGETED_DEVICE_FAMILY = "1,2";
				TEST_HOST = "$(BUILT_PRODUCTS_DIR)/Viptuner.app/Viptuner";
			};
			name = Debug;
		};
		4C8986252327F86E002858F3 /* Release */ = {
			isa = XCBuildConfiguration;
			baseConfigurationReference = BE77B86B8F250C3873A0F3E6 /* Pods-ViptunerTests.release.xcconfig */;
			buildSettings = {
				ALWAYS_EMBED_SWIFT_STANDARD_LIBRARIES = YES;
				BUNDLE_LOADER = "$(TEST_HOST)";
				CODE_SIGN_STYLE = Automatic;
				DEVELOPMENT_TEAM = 9KPUHUQUF7;
				INFOPLIST_FILE = ViptunerTests/Info.plist;
				LD_RUNPATH_SEARCH_PATHS = (
					"$(inherited)",
					"@executable_path/Frameworks",
					"@loader_path/Frameworks",
				);
				PRODUCT_BUNDLE_IDENTIFIER = cl.mzapatae.ViptunerTests;
				PRODUCT_NAME = "$(TARGET_NAME)";
				SWIFT_VERSION = 5.0;
				TARGETED_DEVICE_FAMILY = "1,2";
				TEST_HOST = "$(BUILT_PRODUCTS_DIR)/Viptuner.app/Viptuner";
			};
			name = Release;
		};
		4C8986272327F86E002858F3 /* Debug */ = {
			isa = XCBuildConfiguration;
			baseConfigurationReference = 1ACD290BA3DBC6FBD094355C /* Pods-ViptunerUITests.debug.xcconfig */;
			buildSettings = {
				ALWAYS_EMBED_SWIFT_STANDARD_LIBRARIES = YES;
				CODE_SIGN_STYLE = Automatic;
				DEVELOPMENT_TEAM = 9KPUHUQUF7;
				INFOPLIST_FILE = ViptunerUITests/Info.plist;
				LD_RUNPATH_SEARCH_PATHS = (
					"$(inherited)",
					"@executable_path/Frameworks",
					"@loader_path/Frameworks",
				);
				PRODUCT_BUNDLE_IDENTIFIER = cl.mzapatae.ViptunerUITests;
				PRODUCT_NAME = "$(TARGET_NAME)";
				SWIFT_VERSION = 5.0;
				TARGETED_DEVICE_FAMILY = "1,2";
				TEST_TARGET_NAME = Viptuner;
			};
			name = Debug;
		};
		4C8986282327F86E002858F3 /* Release */ = {
			isa = XCBuildConfiguration;
			baseConfigurationReference = 103BF67BFDAC08DD55D41106 /* Pods-ViptunerUITests.release.xcconfig */;
			buildSettings = {
				ALWAYS_EMBED_SWIFT_STANDARD_LIBRARIES = YES;
				CODE_SIGN_STYLE = Automatic;
				DEVELOPMENT_TEAM = 9KPUHUQUF7;
				INFOPLIST_FILE = ViptunerUITests/Info.plist;
				LD_RUNPATH_SEARCH_PATHS = (
					"$(inherited)",
					"@executable_path/Frameworks",
					"@loader_path/Frameworks",
				);
				PRODUCT_BUNDLE_IDENTIFIER = cl.mzapatae.ViptunerUITests;
				PRODUCT_NAME = "$(TARGET_NAME)";
				SWIFT_VERSION = 5.0;
				TARGETED_DEVICE_FAMILY = "1,2";
				TEST_TARGET_NAME = Viptuner;
			};
			name = Release;
		};
/* End XCBuildConfiguration section */

/* Begin XCConfigurationList section */
		4C8985F32327F86E002858F3 /* Build configuration list for PBXProject "Viptuner" */ = {
			isa = XCConfigurationList;
			buildConfigurations = (
				4C89861E2327F86E002858F3 /* Debug */,
				4C89861F2327F86E002858F3 /* Release */,
			);
			defaultConfigurationIsVisible = 0;
			defaultConfigurationName = Release;
		};
		4C8986202327F86E002858F3 /* Build configuration list for PBXNativeTarget "Viptuner" */ = {
			isa = XCConfigurationList;
			buildConfigurations = (
				4C8986212327F86E002858F3 /* Debug */,
				4C8986222327F86E002858F3 /* Release */,
			);
			defaultConfigurationIsVisible = 0;
			defaultConfigurationName = Release;
		};
		4C8986232327F86E002858F3 /* Build configuration list for PBXNativeTarget "ViptunerTests" */ = {
			isa = XCConfigurationList;
			buildConfigurations = (
				4C8986242327F86E002858F3 /* Debug */,
				4C8986252327F86E002858F3 /* Release */,
			);
			defaultConfigurationIsVisible = 0;
			defaultConfigurationName = Release;
		};
		4C8986262327F86E002858F3 /* Build configuration list for PBXNativeTarget "ViptunerUITests" */ = {
			isa = XCConfigurationList;
			buildConfigurations = (
				4C8986272327F86E002858F3 /* Debug */,
				4C8986282327F86E002858F3 /* Release */,
			);
			defaultConfigurationIsVisible = 0;
			defaultConfigurationName = Release;
		};
/* End XCConfigurationList section */
	};
	rootObject = 4C8985F02327F86E002858F3 /* Project object */;
}
